
Microsoft Visual Studio Solution File, Format Version 12.00
# Visual Studio Version 16
VisualStudioVersion = 16.0.29519.87
MinimumVisualStudioVersion = 10.0.40219.1
Project("{FAE04EC0-301F-11D3-BF4B-00C04F79EFBC}") = "UserRegProfile", "UserRegProfile.csproj", "{6B51D2A7-06F3-4AF2-83A3-7A0917134EF4}"
EndProject
Global
	GlobalSection(SolutionConfigurationPlatforms) = preSolution
		Debug|Any CPU = Debug|Any CPU
		Release|Any CPU = Release|Any CPU
	EndGlobalSection
	GlobalSection(ProjectConfigurationPlatforms) = postSolution
		{6B51D2A7-06F3-4AF2-83A3-7A0917134EF4}.Debug|Any CPU.ActiveCfg = Debug|Any CPU
		{6B51D2A7-06F3-4AF2-83A3-7A0917134EF4}.Debug|Any CPU.Build.0 = Debug|Any CPU
		{6B51D2A7-06F3-4AF2-83A3-7A0917134EF4}.Release|Any CPU.ActiveCfg = Release|Any CPU
		{6B51D2A7-06F3-4AF2-83A3-7A0917134EF4}.Release|Any CPU.Build.0 = Release|Any CPU
	EndGlobalSection
	GlobalSection(SolutionProperties) = preSolution
		HideSolutionNode = FALSE
	EndGlobalSection
	GlobalSection(ExtensibilityGlobals) = postSolution
		SolutionGuid = {E8B9DCE9-9E0C-4DFC-BAD2-381C3D6213FC}
	EndGlobalSection
EndGlobal
